
Microsoft Visual Studio Solution File, Format Version 12.00
# Visual Studio Version 17
VisualStudioVersion = 17.14.36603.0
MinimumVisualStudioVersion = 10.0.40219.1
Project("{FAE04EC0-301F-11D3-BF4B-00C04F79EFBC}") = "RoMars.StreamingJsonOutput.Framework", "RoMars.StreamingJsonOutput.Framework\RoMars.StreamingJsonOutput.Framework.csproj", "{6C4A9D71-79DD-D39A-C337-C4D17267F9B7}"
EndProject
Project("{FAE04EC0-301F-11D3-BF4B-00C04F79EFBC}") = "RoMars.StreamingJsonOutput.Host", "RoMars.StreamingJsonOutput.Host\RoMars.StreamingJsonOutput.Host.csproj", "{050F3966-CD95-A8AB-0C10-C6111AA87520}"
EndProject
Global
	GlobalSection(SolutionConfigurationPlatforms) = preSolution
		Debug|Any CPU = Debug|Any CPU
		Release|Any CPU = Release|Any CPU
	EndGlobalSection
	GlobalSection(ProjectConfigurationPlatforms) = postSolution
		{6C4A9D71-79DD-D39A-C337-C4D17267F9B7}.Debug|Any CPU.ActiveCfg = Debug|Any CPU
		{6C4A9D71-79DD-D39A-C337-C4D17267F9B7}.Debug|Any CPU.Build.0 = Debug|Any CPU
		{6C4A9D71-79DD-D39A-C337-C4D17267F9B7}.Release|Any CPU.ActiveCfg = Release|Any CPU
		{6C4A9D71-79DD-D39A-C337-C4D17267F9B7}.Release|Any CPU.Build.0 = Release|Any CPU
		{050F3966-CD95-A8AB-0C10-C6111AA87520}.Debug|Any CPU.ActiveCfg = Debug|Any CPU
		{050F3966-CD95-A8AB-0C10-C6111AA87520}.Debug|Any CPU.Build.0 = Debug|Any CPU
		{050F3966-CD95-A8AB-0C10-C6111AA87520}.Release|Any CPU.ActiveCfg = Release|Any CPU
		{050F3966-CD95-A8AB-0C10-C6111AA87520}.Release|Any CPU.Build.0 = Release|Any CPU
	EndGlobalSection
	GlobalSection(SolutionProperties) = preSolution
		HideSolutionNode = FALSE
	EndGlobalSection
	GlobalSection(ExtensibilityGlobals) = postSolution
		SolutionGuid = {18243811-7720-45C3-A230-0BBB9919EDDD}
	EndGlobalSection
EndGlobal
